# THIS IS AN AUTOGENERATED FILE. DO NOT EDIT THIS FILE DIRECTLY.
# yarn lockfile v1


"@esbuild/android-arm64@0.17.12":
  version "0.17.12"
  resolved "https://registry.yarnpkg.com/@esbuild/android-arm64/-/android-arm64-0.17.12.tgz#15a8e2b407d03989b899e325151dc2e96d19c620"
  integrity sha512-WQ9p5oiXXYJ33F2EkE3r0FRDFVpEdcDiwNX3u7Xaibxfx6vQE0Sb8ytrfQsA5WO6kDn6mDfKLh6KrPBjvkk7xA==

"@esbuild/android-arm@0.17.12":
  version "0.17.12"
  resolved "https://registry.yarnpkg.com/@esbuild/android-arm/-/android-arm-0.17.12.tgz#677a09297e1f4f37aba7b4fc4f31088b00484985"
  integrity sha512-E/sgkvwoIfj4aMAPL2e35VnUJspzVYl7+M1B2cqeubdBhADV4uPon0KCc8p2G+LqSJ6i8ocYPCqY3A4GGq0zkQ==

"@esbuild/android-x64@0.17.12":
  version "0.17.12"
  resolved "https://registry.yarnpkg.com/@esbuild/android-x64/-/android-x64-0.17.12.tgz#b292729eef4e0060ae1941f6a021c4d2542a3521"
  integrity sha512-m4OsaCr5gT+se25rFPHKQXARMyAehHTQAz4XX1Vk3d27VtqiX0ALMBPoXZsGaB6JYryCLfgGwUslMqTfqeLU0w==

"@esbuild/darwin-arm64@0.17.12":
  version "0.17.12"
  resolved "https://registry.yarnpkg.com/@esbuild/darwin-arm64/-/darwin-arm64-0.17.12.tgz#efa35318df931da05825894e1787b976d55adbe3"
  integrity sha512-O3GCZghRIx+RAN0NDPhyyhRgwa19MoKlzGonIb5hgTj78krqp9XZbYCvFr9N1eUxg0ZQEpiiZ4QvsOQwBpP+lg==

"@esbuild/darwin-x64@0.17.12":
  version "0.17.12"
  resolved "https://registry.yarnpkg.com/@esbuild/darwin-x64/-/darwin-x64-0.17.12.tgz#e7b54bb3f6dc81aadfd0485cd1623c648157e64d"
  integrity sha512-5D48jM3tW27h1qjaD9UNRuN+4v0zvksqZSPZqeSWggfMlsVdAhH3pwSfQIFJwcs9QJ9BRibPS4ViZgs3d2wsCA==

"@esbuild/freebsd-arm64@0.17.12":
  version "0.17.12"
  resolved "https://registry.yarnpkg.com/@esbuild/freebsd-arm64/-/freebsd-arm64-0.17.12.tgz#99a18a8579d6299c449566fe91d9b6a54cf2a591"
  integrity sha512-OWvHzmLNTdF1erSvrfoEBGlN94IE6vCEaGEkEH29uo/VoONqPnoDFfShi41Ew+yKimx4vrmmAJEGNoyyP+OgOQ==

"@esbuild/freebsd-x64@0.17.12":
  version "0.17.12"
  resolved "https://registry.yarnpkg.com/@esbuild/freebsd-x64/-/freebsd-x64-0.17.12.tgz#0e090190fede307fb4022f671791a50dd5121abd"
  integrity sha512-A0Xg5CZv8MU9xh4a+7NUpi5VHBKh1RaGJKqjxe4KG87X+mTjDE6ZvlJqpWoeJxgfXHT7IMP9tDFu7IZ03OtJAw==

"@esbuild/linux-arm64@0.17.12":
  version "0.17.12"
  resolved "https://registry.yarnpkg.com/@esbuild/linux-arm64/-/linux-arm64-0.17.12.tgz#7fe2a69f8a1a7153fa2b0f44aabcadb59475c7e0"
  integrity sha512-cK3AjkEc+8v8YG02hYLQIQlOznW+v9N+OI9BAFuyqkfQFR+DnDLhEM5N8QRxAUz99cJTo1rLNXqRrvY15gbQUg==

"@esbuild/linux-arm@0.17.12":
  version "0.17.12"
  resolved "https://registry.yarnpkg.com/@esbuild/linux-arm/-/linux-arm-0.17.12.tgz#b87c76ebf1fe03e01fd6bb5cfc2f3c5becd5ee93"
  integrity sha512-WsHyJ7b7vzHdJ1fv67Yf++2dz3D726oO3QCu8iNYik4fb5YuuReOI9OtA+n7Mk0xyQivNTPbl181s+5oZ38gyA==

"@esbuild/linux-ia32@0.17.12":
  version "0.17.12"
  resolved "https://registry.yarnpkg.com/@esbuild/linux-ia32/-/linux-ia32-0.17.12.tgz#9e9357090254524d32e6708883a47328f3037858"
  integrity sha512-jdOBXJqcgHlah/nYHnj3Hrnl9l63RjtQ4vn9+bohjQPI2QafASB5MtHAoEv0JQHVb/xYQTFOeuHnNYE1zF7tYw==

"@esbuild/linux-loong64@0.17.12":
  version "0.17.12"
  resolved "https://registry.yarnpkg.com/@esbuild/linux-loong64/-/linux-loong64-0.17.12.tgz#9deb605f9e2c82f59412ddfefb4b6b96d54b5b5b"
  integrity sha512-GTOEtj8h9qPKXCyiBBnHconSCV9LwFyx/gv3Phw0pa25qPYjVuuGZ4Dk14bGCfGX3qKF0+ceeQvwmtI+aYBbVA==

"@esbuild/linux-mips64el@0.17.12":
  version "0.17.12"
  resolved "https://registry.yarnpkg.com/@esbuild/linux-mips64el/-/linux-mips64el-0.17.12.tgz#6ef170b974ddf5e6acdfa5b05f22b6e9dfd2b003"
  integrity sha512-o8CIhfBwKcxmEENOH9RwmUejs5jFiNoDw7YgS0EJTF6kgPgcqLFjgoc5kDey5cMHRVCIWc6kK2ShUePOcc7RbA==

"@esbuild/linux-ppc64@0.17.12":
  version "0.17.12"
  resolved "https://registry.yarnpkg.com/@esbuild/linux-ppc64/-/linux-ppc64-0.17.12.tgz#1638d3d4acf1d34aaf37cf8908c2e1cefed16204"
  integrity sha512-biMLH6NR/GR4z+ap0oJYb877LdBpGac8KfZoEnDiBKd7MD/xt8eaw1SFfYRUeMVx519kVkAOL2GExdFmYnZx3A==

"@esbuild/linux-riscv64@0.17.12":
  version "0.17.12"
  resolved "https://registry.yarnpkg.com/@esbuild/linux-riscv64/-/linux-riscv64-0.17.12.tgz#135b6e9270a8e2de2b9094bb21a287517df520ef"
  integrity sha512-jkphYUiO38wZGeWlfIBMB72auOllNA2sLfiZPGDtOBb1ELN8lmqBrlMiucgL8awBw1zBXN69PmZM6g4yTX84TA==

"@esbuild/linux-s390x@0.17.12":
  version "0.17.12"
  resolved "https://registry.yarnpkg.com/@esbuild/linux-s390x/-/linux-s390x-0.17.12.tgz#21e40830770c5d08368e300842bde382ce97d615"
  integrity sha512-j3ucLdeY9HBcvODhCY4b+Ds3hWGO8t+SAidtmWu/ukfLLG/oYDMaA+dnugTVAg5fnUOGNbIYL9TOjhWgQB8W5g==

"@esbuild/linux-x64@0.17.12":
  version "0.17.12"
  resolved "https://registry.yarnpkg.com/@esbuild/linux-x64/-/linux-x64-0.17.12.tgz#76c1c199871d48e1aaa47a762fb9e0dca52e1f7a"
  integrity sha512-uo5JL3cgaEGotaqSaJdRfFNSCUJOIliKLnDGWaVCgIKkHxwhYMm95pfMbWZ9l7GeW9kDg0tSxcy9NYdEtjwwmA==

"@esbuild/netbsd-x64@0.17.12":
  version "0.17.12"
  resolved "https://registry.yarnpkg.com/@esbuild/netbsd-x64/-/netbsd-x64-0.17.12.tgz#c7c3b3017a4b938c76c35f66af529baf62eac527"
  integrity sha512-DNdoRg8JX+gGsbqt2gPgkgb00mqOgOO27KnrWZtdABl6yWTST30aibGJ6geBq3WM2TIeW6COs5AScnC7GwtGPg==

"@esbuild/openbsd-x64@0.17.12":
  version "0.17.12"
  resolved "https://registry.yarnpkg.com/@esbuild/openbsd-x64/-/openbsd-x64-0.17.12.tgz#05d04217d980e049001afdbeacbb58d31bb5cefb"
  integrity sha512-aVsENlr7B64w8I1lhHShND5o8cW6sB9n9MUtLumFlPhG3elhNWtE7M1TFpj3m7lT3sKQUMkGFjTQBrvDDO1YWA==

"@esbuild/sunos-x64@0.17.12":
  version "0.17.12"
  resolved "https://registry.yarnpkg.com/@esbuild/sunos-x64/-/sunos-x64-0.17.12.tgz#cf3862521600e4eb6c440ec3bad31ed40fb87ef3"
  integrity sha512-qbHGVQdKSwi0JQJuZznS4SyY27tYXYF0mrgthbxXrZI3AHKuRvU+Eqbg/F0rmLDpW/jkIZBlCO1XfHUBMNJ1pg==

"@esbuild/win32-arm64@0.17.12":
  version "0.17.12"
  resolved "https://registry.yarnpkg.com/@esbuild/win32-arm64/-/win32-arm64-0.17.12.tgz#43dd7fb5be77bf12a1550355ab2b123efd60868e"
  integrity sha512-zsCp8Ql+96xXTVTmm6ffvoTSZSV2B/LzzkUXAY33F/76EajNw1m+jZ9zPfNJlJ3Rh4EzOszNDHsmG/fZOhtqDg==

"@esbuild/win32-ia32@0.17.12":
  version "0.17.12"
  resolved "https://registry.yarnpkg.com/@esbuild/win32-ia32/-/win32-ia32-0.17.12.tgz#9940963d0bff4ea3035a84e2b4c6e41c5e6296eb"
  integrity sha512-FfrFjR4id7wcFYOdqbDfDET3tjxCozUgbqdkOABsSFzoZGFC92UK7mg4JKRc/B3NNEf1s2WHxJ7VfTdVDPN3ng==

"@esbuild/win32-x64@0.17.12":
  version "0.17.12"
  resolved "https://registry.yarnpkg.com/@esbuild/win32-x64/-/win32-x64-0.17.12.tgz#3a11d13e9a5b0c05db88991b234d8baba1f96487"
  integrity sha512-JOOxw49BVZx2/5tW3FqkdjSD/5gXYeVGPDcB0lvap0gLQshkh1Nyel1QazC+wNxus3xPlsYAgqU1BUmrmCvWtw==

"@pixi/accessibility@7.2.1":
  version "7.2.1"
  resolved "https://registry.yarnpkg.com/@pixi/accessibility/-/accessibility-7.2.1.tgz#d67d1aa30b55022200c2ae36a7131720a3e0eb6a"
  integrity sha512-4kwcmY9CRb07grMd/3FTTpzzpsPlvutnP/xnlkxF8Bz5p2Hrg1nYYxwHzn3hZI0bMIR6oQbScxlx0ijIhVjXrA==

"@pixi/app@7.2.1":
  version "7.2.1"
  resolved "https://registry.yarnpkg.com/@pixi/app/-/app-7.2.1.tgz#ac8dd6a5a40a07eda78cbbccfa5ea10acc1e6041"
  integrity sha512-I6YLs+JTUQkmZBeO8YzK/9T6P9TpwULyfoMsUh77MiAI0tnJobortXf1eMEgMbq5rVk44M5gtl1MJL9QclxcBA==

"@pixi/assets@7.2.1":
  version "7.2.1"
  resolved "https://registry.yarnpkg.com/@pixi/assets/-/assets-7.2.1.tgz#cb798d7d88b9548e2a407768f473812cbda96353"
  integrity sha512-6JFm5ZQpE5n2scj60UFN5z8dr/1SDKFmPEgE0HNsqSuIhHlA0yS2ARvgHGRjVJdBPsOSUHsCnVYG9HOlM1pSJA==
  dependencies:
    "@types/css-font-loading-module" "^0.0.7"

"@pixi/color@7.2.1":
  version "7.2.1"
  resolved "https://registry.yarnpkg.com/@pixi/color/-/color-7.2.1.tgz#e37ad6e35d9ba7215342f4272fedd2b60f1924c5"
  integrity sha512-rzJy1Bu6x+LuADSxUImvH49hIVLEl/1bGH+WjfcPOuxPQYZzHTGQJeISQYSJrTE+kdU2+GvRLH8cUlLijyFFqA==
  dependencies:
    colord "^2.9.3"

"@pixi/compressed-textures@7.2.1":
  version "7.2.1"
  resolved "https://registry.yarnpkg.com/@pixi/compressed-textures/-/compressed-textures-7.2.1.tgz#3d8c15bdb14cc9772f327219e861eb6cccd06b30"
  integrity sha512-U5SDgy/JsieMrB45GQDoC9Y055LKh52/EYV8TFlf5OcRvwLBOqjJLXXVwwkDF/79O/5WT2vcR6KSRKjB9gXxgw==

"@pixi/constants@7.2.1":
  version "7.2.1"
  resolved "https://registry.yarnpkg.com/@pixi/constants/-/constants-7.2.1.tgz#1219667515d08a06abc20bffd0d1e1ec47b82366"
  integrity sha512-Tyu7Ue59ZYPyhBtP0gneMgixlAvM9+XXBscoICLyompA09NVsarul1czFfP+GnwiW5jVzXvd4kNDPAayNmKRFg==

"@pixi/core@7.2.1":
  version "7.2.1"
  resolved "https://registry.yarnpkg.com/@pixi/core/-/core-7.2.1.tgz#50cd5c52bc7361a59215600b7e7a9f5eeb9b2d83"
  integrity sha512-ASoedGRUnirpHGP7Axgnarb2v7FHlfHByuFhkWDn+6IXVenQJNgwtC9wRPyzJQV5S0OhxYGDtvw/BsRjUZX3tA==
  dependencies:
    "@pixi/color" "7.2.1"
    "@pixi/constants" "7.2.1"
    "@pixi/extensions" "7.2.1"
    "@pixi/math" "7.2.1"
    "@pixi/runner" "7.2.1"
    "@pixi/settings" "7.2.1"
    "@pixi/ticker" "7.2.1"
    "@pixi/utils" "7.2.1"
    "@types/offscreencanvas" "^2019.6.4"

"@pixi/display@7.2.1":
  version "7.2.1"
  resolved "https://registry.yarnpkg.com/@pixi/display/-/display-7.2.1.tgz#4223f7906065b4c0bcf1c90875ea2248ef530cd6"
  integrity sha512-S8rw+OaP3z4js73z1XmHV8eJnlFfdxwTIwdBoJqu6UPoTowFL5aBaObaNmraQXbCpSIimziG/txaOxrltc2y6Q==

"@pixi/events@7.2.1":
  version "7.2.1"
  resolved "https://registry.yarnpkg.com/@pixi/events/-/events-7.2.1.tgz#fb4747306b45a49b8d8dd1d9d8805fcb0ed571ea"
  integrity sha512-kFT3l3g1DwJnDn2xLVct0n2qaerqNdiDOS3njVX/YBp7+IX5xD6gpXxLgy7M7fYOislUwIMorfc6oMUSlpXcKg==

"@pixi/extensions@7.2.1":
  version "7.2.1"
  resolved "https://registry.yarnpkg.com/@pixi/extensions/-/extensions-7.2.1.tgz#4d52caa5574f6b24478c73af26c485f07c11830b"
  integrity sha512-bVPhu+adqW1gsBABX3ZtQ6jpwUaM+Bz9lSv3+kXoKUY+mPlDpXDHDdmJsnGh1yktHvE+WU1tdFv1gSaXA0IfGQ==

"@pixi/extract@7.2.1":
  version "7.2.1"
  resolved "https://registry.yarnpkg.com/@pixi/extract/-/extract-7.2.1.tgz#0bf01200a8ea85ed693f79fce8f447ec547e8310"
  integrity sha512-bXnRHBvYBRvmLeTiQvv1ZYVkxqK4RXZTwGsFPsKo39MIzdrtPrGeyzstFGAb3kUTIlsFn5plO+12iKnkxZBlvg==

"@pixi/filter-alpha@7.2.1":
  version "7.2.1"
  resolved "https://registry.yarnpkg.com/@pixi/filter-alpha/-/filter-alpha-7.2.1.tgz#188473d34ff2f3ff361fbc5558609861dddf9f78"
  integrity sha512-qBpp/hvJ5BoqPEXUz5Q93ZSLL5lom7xsdvmr4CLwV5dJLe49a8m3xrbEDRETl7lDOq/SULALTghjdmqdtu/DLQ==

"@pixi/filter-blur@7.2.1":
  version "7.2.1"
  resolved "https://registry.yarnpkg.com/@pixi/filter-blur/-/filter-blur-7.2.1.tgz#10646d7fbff71cf86947a8d5aff12f353b8b3f2d"
  integrity sha512-y9bw5g64P7hHq+UFxgEbkFHLK4wIwXHPAoN5RBqee66IMDKpwy+FcLUJMkrh9nJu+1XAS4gzL/4Ewyvq16Z8MA==

"@pixi/filter-color-matrix@7.2.1":
  version "7.2.1"
  resolved "https://registry.yarnpkg.com/@pixi/filter-color-matrix/-/filter-color-matrix-7.2.1.tgz#4dcf61772a8a0815c0e4af3d35cfbef7a00fafe6"
  integrity sha512-VUzl9NDejEHbt7VGyqkNaQLNYk9VLCiksXPQrcWEoRuLUHMhB7BoarPR7esy+QUhzmUwla/H4rR+jwHyi4dRjA==

"@pixi/filter-displacement@7.2.1":
  version "7.2.1"
  resolved "https://registry.yarnpkg.com/@pixi/filter-displacement/-/filter-displacement-7.2.1.tgz#d1e2faeeed16ceb4f8e7291037ff82a0f79b8e34"
  integrity sha512-/vSegvfnV5XCtu5WImzDAbpXztMYEctVAb3pzc/hUD3ZEfuEIvaYbYljgYEphD++lTOozxTV9DXEfl7MQtWCiw==

"@pixi/filter-fxaa@7.2.1":
  version "7.2.1"
  resolved "https://registry.yarnpkg.com/@pixi/filter-fxaa/-/filter-fxaa-7.2.1.tgz#60830f2a71d529ddf38f494b4a4a1be77d53006d"
  integrity sha512-sKi7yKUSue2coV/O63RaUUr1vLiJjG2xt3iw7v6oP6xZK87q564Y/z5p6NiyxK7L6/fT9SsgpHr79cOE24c3yw==

"@pixi/filter-noise@7.2.1":
  version "7.2.1"
  resolved "https://registry.yarnpkg.com/@pixi/filter-noise/-/filter-noise-7.2.1.tgz#bc3e205ab2c025a4962446124d0c3032883902b8"
  integrity sha512-wgDwBGxWhrNW55oJr/OSO/hfcEo6h/k2OTe+82ytUCywONNwFUsY5Z+wO1U4qwHVufMwm2CCMGQdcYYn/BPNfQ==

"@pixi/graphics@7.2.1":
  version "7.2.1"
  resolved "https://registry.yarnpkg.com/@pixi/graphics/-/graphics-7.2.1.tgz#4285fedfa429de9ec5ff252c83c52585f872fd8e"
  integrity sha512-4smA746hs4aUcgCR9QDa5k8/fXgT/lo+0QG0BGr86OdIspt6UpvtAQ5bO09tFUWeTtXbOGmBnRKIgIjMgqJe8A==

"@pixi/math@7.2.1":
  version "7.2.1"
  resolved "https://registry.yarnpkg.com/@pixi/math/-/math-7.2.1.tgz#a05268fc07767b5abd3a7d965f5a9615734584b8"
  integrity sha512-hKML8rG6iWYutAczy5Fo5zssWU7JNThHo9QhBYQbcR7ijPO00Xz/phTHpbu5l2KGwGN0Umpn1zYiogiJ82WPTA==

"@pixi/mesh-extras@7.2.1":
  version "7.2.1"
  resolved "https://registry.yarnpkg.com/@pixi/mesh-extras/-/mesh-extras-7.2.1.tgz#056697567366c8d3d7ebf307ccdcfcf9ad8ab1e6"
  integrity sha512-kc744QIpI92iCUV+UCQFNiUwX1BPmJvuYnolSfHHI9B3edGVgMgxQyBuNA2YUUC1i1JAE3aFLXvPVf1hVMbMNA==

"@pixi/mesh@7.2.1":
  version "7.2.1"
  resolved "https://registry.yarnpkg.com/@pixi/mesh/-/mesh-7.2.1.tgz#dde30000e54872937ed75a6c6b709f877d4e0a1d"
  integrity sha512-IpyCZoVIc78X+aflPST3CNHPovKzmsDIIigqeQrUnIrSldA/W9TdbW3z5v6bOB2fQmy+cfYXfN2pO+EvDiqviA==

"@pixi/mixin-cache-as-bitmap@7.2.1":
  version "7.2.1"
  resolved "https://registry.yarnpkg.com/@pixi/mixin-cache-as-bitmap/-/mixin-cache-as-bitmap-7.2.1.tgz#2f52ee528673ecce9c3ec4aa3388b05093bd7e86"
  integrity sha512-C6d1y1GkvHtrE8hRtBqvyMek6g8V6p9h63EgQ3oMBxY1zhKCRdka1bsjvn6nK07ScVL23bYW1r8IkQhrPRmUoA==

"@pixi/mixin-get-child-by-name@7.2.1":
  version "7.2.1"
  resolved "https://registry.yarnpkg.com/@pixi/mixin-get-child-by-name/-/mixin-get-child-by-name-7.2.1.tgz#cd4691e5e7ce04c400b9e7da7e9473f9928208b6"
  integrity sha512-xFr2/iDN4Q0lWEZI8MvqTRD1o5V7Rvh0/aF7Id5HiJeeh2QeYxPIDFleZ0Wy5U+3u65ddHgG2lCYveDkLyy6TA==

"@pixi/mixin-get-global-position@7.2.1":
  version "7.2.1"
  resolved "https://registry.yarnpkg.com/@pixi/mixin-get-global-position/-/mixin-get-global-position-7.2.1.tgz#e26268b508d72f3f8d135d3091e6b396261dd2f6"
  integrity sha512-+yG5iUgoPT0y2LjxTPwaa33Sb/CdmhC+15z7qVMjzDMRSRIss1JeF8k8aAepXBHNQUDv0eLOy3je1M3fHUhJaw==

"@pixi/particle-container@7.2.1":
  version "7.2.1"
  resolved "https://registry.yarnpkg.com/@pixi/particle-container/-/particle-container-7.2.1.tgz#26d766bf05cbdd3ff249a0041dd796a51a34330c"
  integrity sha512-aR1ieuB1kmOT4nidIO6oy08g/T/fvKYoDdSzONVz7qCPksNBHVIJBa/D3ig7VukiAwsJm+k12yOzKM7oku2pmg==

"@pixi/prepare@7.2.1":
  version "7.2.1"
  resolved "https://registry.yarnpkg.com/@pixi/prepare/-/prepare-7.2.1.tgz#75d43d87b7022c9495b0e8b638bf35d4ed085368"
  integrity sha512-Tc06tQFJdRntI7pOV8UFUpbBLOEiuiIpfFHVTdadCECuO5IR1JT3OIEcAF+2OYws1+QVPYxafB1TMw5ZIuanHg==

"@pixi/runner@7.2.1":
  version "7.2.1"
  resolved "https://registry.yarnpkg.com/@pixi/runner/-/runner-7.2.1.tgz#77e234dbeca8d5ca016eb475a0c9d0dae96e0aae"
  integrity sha512-sGfUdqKY7KIEhKdTT5gOLT7n1y/Satr9GJpDjVyQCABqDPvGTRynmAhVDEjiVaw9pd4Q2P5ZEJZm0+VVJOVirw==

"@pixi/settings@7.2.1":
  version "7.2.1"
  resolved "https://registry.yarnpkg.com/@pixi/settings/-/settings-7.2.1.tgz#36c7fe1d3f9281e10cd2a31e59e66cebed8c5385"
  integrity sha512-PmDMnJWFowbC5qgRWS+AtpuXpSCmoo22NlfGL5Rfu1Hz7c6U3+XFhMrQTdBGw7HITI/8wkRhD23+A4eMU0ALZg==
  dependencies:
    "@pixi/constants" "7.2.1"
    "@types/css-font-loading-module" "^0.0.7"
    ismobilejs "^1.1.0"

"@pixi/sprite-animated@7.2.1":
  version "7.2.1"
  resolved "https://registry.yarnpkg.com/@pixi/sprite-animated/-/sprite-animated-7.2.1.tgz#aa8916dfb6030645c6dbbb089fe74c83164d4d2c"
  integrity sha512-dm5JeiVplpx5ibClw4VtBu/XbOSxGV9GGSa2wAX8awXSU+a8MKudqP+w0D2a96LNbkOr8wxfueelybSNRFbJTw==

"@pixi/sprite-tiling@7.2.1":
  version "7.2.1"
  resolved "https://registry.yarnpkg.com/@pixi/sprite-tiling/-/sprite-tiling-7.2.1.tgz#8552dd064d951f4ce1337ebe9aec388b7a1a0f8f"
  integrity sha512-1CTLkN9HNIcT1TiMarEcJa6B2JXX3Cr3me8DfLR96A1H4AZXSL3aNdYpZ1Asc3Ktx7lDNDMuAtTN78ksaI0oLw==

"@pixi/sprite@7.2.1":
  version "7.2.1"
  resolved "https://registry.yarnpkg.com/@pixi/sprite/-/sprite-7.2.1.tgz#181638019057a1560d652713ecb4b4debf06bdea"
  integrity sha512-roo4R15Z9ilR+oKJkoepJGMUY31lWIW2iFiR+HlfMbUgvxeTzpbRi9gRMCSIAisow8Jz8UEY7nkQmdB83uDv1g==

"@pixi/spritesheet@7.2.1":
  version "7.2.1"
  resolved "https://registry.yarnpkg.com/@pixi/spritesheet/-/spritesheet-7.2.1.tgz#05316c0ee12a330c7e730fc10a1accb6ba9ce6fc"
  integrity sha512-cUa+k0kk9K+9H5e/HH8+7E5b2MbgrqYgAylW4H/7BTVoBRreofVamltjtWtFr5m8M7oHDwuNFtPEci1ppLV3vQ==

"@pixi/text-bitmap@7.2.1":
  version "7.2.1"
  resolved "https://registry.yarnpkg.com/@pixi/text-bitmap/-/text-bitmap-7.2.1.tgz#c0d8a4273ee2cf1f4882112807d1f5e04e55982d"
  integrity sha512-C9i1+kgyKmcoMqK401BsQh8CuN4u78gYDLO9EdUQgReOi31qXKbTohA5ffjdPwgkqU8VYIvXbbUqDA+/mwX56g==

"@pixi/text-html@7.2.1":
  version "7.2.1"
  resolved "https://registry.yarnpkg.com/@pixi/text-html/-/text-html-7.2.1.tgz#f3e9b32dd4a8f7b7a7acc320d083b78756e5f801"
  integrity sha512-iXY73/0LGr27q5hJuOaBCWM2yvY/0xKfbSE/m7dohhF+p8gFzxbi/Z+lVk/dQyc2KtSl3KboML/hTuxsnVCQPw==

"@pixi/text@7.2.1":
  version "7.2.1"
  resolved "https://registry.yarnpkg.com/@pixi/text/-/text-7.2.1.tgz#126efce90b137ed79ab9b4ed8f436811aba3d183"
  integrity sha512-keshF4UswmyQzgjWN7cFxxqY+yoabtpu9UCWkW6XtfMLBAlKRyjUpx7tmBUGTFrHoDEek77iR9+XCYoFE7U/VQ==

"@pixi/ticker@7.2.1":
  version "7.2.1"
  resolved "https://registry.yarnpkg.com/@pixi/ticker/-/ticker-7.2.1.tgz#3d48d156b081f7b2135ecc9ab6fab1e58ee79c8e"
  integrity sha512-fDnaSASY55FtMggGiLxu8AR26i4MyWo/5jpuhsK5zMTKGMFbk6L3C+BwYxWPADMppbdeNdeZj+L6dABSXdKLZQ==
  dependencies:
    "@pixi/extensions" "7.2.1"
    "@pixi/settings" "7.2.1"
    "@pixi/utils" "7.2.1"

"@pixi/utils@7.2.1":
  version "7.2.1"
  resolved "https://registry.yarnpkg.com/@pixi/utils/-/utils-7.2.1.tgz#b59ddb817adbdacd8abd8af70fd51cf127b8e86b"
  integrity sha512-oslw8PWwCrbrd8GeIa9DP9cEpDebWekIzIPyEVlmua+PGYu7x/P5lGGhSeLpNXarnbW9wva4SQmLF3kwWTmaRw==
  dependencies:
    "@pixi/color" "7.2.1"
    "@pixi/constants" "7.2.1"
    "@pixi/settings" "7.2.1"
    "@types/earcut" "^2.1.0"
    earcut "^2.2.4"
    eventemitter3 "^4.0.0"
    url "^0.11.0"

"@types/css-font-loading-module@^0.0.7":
  version "0.0.7"
  resolved "https://registry.yarnpkg.com/@types/css-font-loading-module/-/css-font-loading-module-0.0.7.tgz#2f98ede46acc0975de85c0b7b0ebe06041d24601"
  integrity sha512-nl09VhutdjINdWyXxHWN/w9zlNCfr60JUqJbd24YXUuCwgeL0TpFSdElCwb6cxfB6ybE19Gjj4g0jsgkXxKv1Q==

"@types/earcut@^2.1.0":
  version "2.1.1"
  resolved "https://registry.yarnpkg.com/@types/earcut/-/earcut-2.1.1.tgz#573a0af609f17005c751f6f4ffec49cfe358ea51"
  integrity sha512-w8oigUCDjElRHRRrMvn/spybSMyX8MTkKA5Dv+tS1IE/TgmNZPqUYtvYBXGY8cieSE66gm+szeK+bnbxC2xHTQ==

"@types/offscreencanvas@^2019.6.4":
  version "2019.7.0"
  resolved "https://registry.yarnpkg.com/@types/offscreencanvas/-/offscreencanvas-2019.7.0.tgz#e4a932069db47bb3eabeb0b305502d01586fa90d"
  integrity sha512-PGcyveRIpL1XIqK8eBsmRBt76eFgtzuPiSTyKHZxnGemp2yzGzWpjYKAfK3wIMiU7eH+851yEpiuP8JZerTmWg==

colord@^2.9.3:
  version "2.9.3"
  resolved "https://registry.yarnpkg.com/colord/-/colord-2.9.3.tgz#4f8ce919de456f1d5c1c368c307fe20f3e59fb43"
  integrity sha512-jeC1axXpnb0/2nn/Y1LPuLdgXBLH7aDcHu4KEKfqw3CUhX7ZpfBSlPKyqXE6btIgEzfWtrX3/tyBCaCvXvMkOw==

earcut@^2.2.4:
  version "2.2.4"
  resolved "https://registry.yarnpkg.com/earcut/-/earcut-2.2.4.tgz#6d02fd4d68160c114825d06890a92ecaae60343a"
  integrity sha512-/pjZsA1b4RPHbeWZQn66SWS8nZZWLQQ23oE3Eam7aroEFGEvwKAsJfZ9ytiEMycfzXWpca4FA9QIOehf7PocBQ==

esbuild@^0.17.5:
  version "0.17.12"
  resolved "https://registry.yarnpkg.com/esbuild/-/esbuild-0.17.12.tgz#2ad7523bf1bc01881e9d904bc04e693bd3bdcf2f"
  integrity sha512-bX/zHl7Gn2CpQwcMtRogTTBf9l1nl+H6R8nUbjk+RuKqAE3+8FDulLA+pHvX7aA7Xe07Iwa+CWvy9I8Y2qqPKQ==
  optionalDependencies:
    "@esbuild/android-arm" "0.17.12"
    "@esbuild/android-arm64" "0.17.12"
    "@esbuild/android-x64" "0.17.12"
    "@esbuild/darwin-arm64" "0.17.12"
    "@esbuild/darwin-x64" "0.17.12"
    "@esbuild/freebsd-arm64" "0.17.12"
    "@esbuild/freebsd-x64" "0.17.12"
    "@esbuild/linux-arm" "0.17.12"
    "@esbuild/linux-arm64" "0.17.12"
    "@esbuild/linux-ia32" "0.17.12"
    "@esbuild/linux-loong64" "0.17.12"
    "@esbuild/linux-mips64el" "0.17.12"
    "@esbuild/linux-ppc64" "0.17.12"
    "@esbuild/linux-riscv64" "0.17.12"
    "@esbuild/linux-s390x" "0.17.12"
    "@esbuild/linux-x64" "0.17.12"
    "@esbuild/netbsd-x64" "0.17.12"
    "@esbuild/openbsd-x64" "0.17.12"
    "@esbuild/sunos-x64" "0.17.12"
    "@esbuild/win32-arm64" "0.17.12"
    "@esbuild/win32-ia32" "0.17.12"
    "@esbuild/win32-x64" "0.17.12"

eventemitter3@^4.0.0:
  version "4.0.7"
  resolved "https://registry.yarnpkg.com/eventemitter3/-/eventemitter3-4.0.7.tgz#2de9b68f6528d5644ef5c59526a1b4a07306169f"
  integrity sha512-8guHBZCwKnFhYdHr2ysuRWErTwhoN2X8XELRlrRwpmfeY2jjuUN4taQMsULKUVo1K4DvZl+0pgfyoysHxvmvEw==

fsevents@~2.3.2:
  version "2.3.2"
  resolved "https://registry.yarnpkg.com/fsevents/-/fsevents-2.3.2.tgz#8a526f78b8fdf4623b709e0b975c52c24c02fd1a"
  integrity sha512-xiqMQR4xAeHTuB9uWm+fFRcIOgKBMiOBP+eXiyT7jsgVCq1bkVygt00oASowB7EdtpOHaaPgKt812P9ab+DDKA==

function-bind@^1.1.1:
  version "1.1.1"
  resolved "https://registry.yarnpkg.com/function-bind/-/function-bind-1.1.1.tgz#a56899d3ea3c9bab874bb9773b7c5ede92f4895d"
  integrity sha512-yIovAzMX49sF8Yl58fSCWJ5svSLuaibPxXQJFLmBObTuCr0Mf1KiPopGM9NiFjiYBCbfaa2Fh6breQ6ANVTI0A==

has@^1.0.3:
  version "1.0.3"
  resolved "https://registry.yarnpkg.com/has/-/has-1.0.3.tgz#722d7cbfc1f6aa8241f16dd814e011e1f41e8796"
  integrity sha512-f2dvO0VU6Oej7RkWJGrehjbzMAjFp5/VKPp5tTpWIV4JHHZK1/BxbFRtf/siA2SWTe09caDmVtYYzWEIbBS4zw==
  dependencies:
    function-bind "^1.1.1"

is-core-module@^2.9.0:
  version "2.11.0"
  resolved "https://registry.yarnpkg.com/is-core-module/-/is-core-module-2.11.0.tgz#ad4cb3e3863e814523c96f3f58d26cc570ff0144"
  integrity sha512-RRjxlvLDkD1YJwDbroBHMb+cukurkDWNyHx7D3oNB5x9rb5ogcksMC5wHCadcXoo67gVr/+3GFySh3134zi6rw==
  dependencies:
    has "^1.0.3"

ismobilejs@^1.1.0:
  version "1.1.1"
  resolved "https://registry.yarnpkg.com/ismobilejs/-/ismobilejs-1.1.1.tgz#c56ca0ae8e52b24ca0f22ba5ef3215a2ddbbaa0e"
  integrity sha512-VaFW53yt8QO61k2WJui0dHf4SlL8lxBofUuUmwBo0ljPk0Drz2TiuDW4jo3wDcv41qy/SxrJ+VAzJ/qYqsmzRw==

nanoid@^3.3.4:
  version "3.3.4"
  resolved "https://registry.yarnpkg.com/nanoid/-/nanoid-3.3.4.tgz#730b67e3cd09e2deacf03c027c81c9d9dbc5e8ab"
  integrity sha512-MqBkQh/OHTS2egovRtLk45wEyNXwF+cokD+1YPf9u5VfJiRdAiRwB2froX5Co9Rh20xs4siNPm8naNotSD6RBw==

path-parse@^1.0.7:
  version "1.0.7"
  resolved "https://registry.yarnpkg.com/path-parse/-/path-parse-1.0.7.tgz#fbc114b60ca42b30d9daf5858e4bd68bbedb6735"
  integrity sha512-LDJzPVEEEPR+y48z93A0Ed0yXb8pAByGWo/k5YYdYgpY2/2EsOsksJrq7lOHxryrVOn1ejG6oAp8ahvOIQD8sw==

picocolors@^1.0.0:
  version "1.0.0"
  resolved "https://registry.yarnpkg.com/picocolors/-/picocolors-1.0.0.tgz#cb5bdc74ff3f51892236eaf79d68bc44564ab81c"
  integrity sha512-1fygroTLlHu66zi26VoTDv8yRgm0Fccecssto+MhsZ0D/DGW2sm8E8AjW7NU5VVTRt5GxbeZ5qBuJr+HyLYkjQ==

pixi.js@^7.2.1:
  version "7.2.1"
  resolved "https://registry.npmmirror.com/pixi.js/-/pixi.js-7.2.1.tgz#1b6533ccb22f0fb59d9b4c47613e94b9576272a6"
  integrity sha512-MDfXqHIazZa0FAcdHOcb9ix5Z6wYY+ruaJj38JwRYxWoVW/4u2LwAjTLabKbC0zKL/Y9xDPQiNNTZ8YkVOeG5g==
  dependencies:
    "@pixi/accessibility" "7.2.1"
    "@pixi/app" "7.2.1"
    "@pixi/assets" "7.2.1"
    "@pixi/compressed-textures" "7.2.1"
    "@pixi/core" "7.2.1"
    "@pixi/display" "7.2.1"
    "@pixi/events" "7.2.1"
    "@pixi/extensions" "7.2.1"
    "@pixi/extract" "7.2.1"
    "@pixi/filter-alpha" "7.2.1"
    "@pixi/filter-blur" "7.2.1"
    "@pixi/filter-color-matrix" "7.2.1"
    "@pixi/filter-displacement" "7.2.1"
    "@pixi/filter-fxaa" "7.2.1"
    "@pixi/filter-noise" "7.2.1"
    "@pixi/graphics" "7.2.1"
    "@pixi/mesh" "7.2.1"
    "@pixi/mesh-extras" "7.2.1"
    "@pixi/mixin-cache-as-bitmap" "7.2.1"
    "@pixi/mixin-get-child-by-name" "7.2.1"
    "@pixi/mixin-get-global-position" "7.2.1"
    "@pixi/particle-container" "7.2.1"
    "@pixi/prepare" "7.2.1"
    "@pixi/sprite" "7.2.1"
    "@pixi/sprite-animated" "7.2.1"
    "@pixi/sprite-tiling" "7.2.1"
    "@pixi/spritesheet" "7.2.1"
    "@pixi/text" "7.2.1"
    "@pixi/text-bitmap" "7.2.1"
    "@pixi/text-html" "7.2.1"

postcss@^8.4.21:
  version "8.4.21"
  resolved "https://registry.yarnpkg.com/postcss/-/postcss-8.4.21.tgz#c639b719a57efc3187b13a1d765675485f4134f4"
  integrity sha512-tP7u/Sn/dVxK2NnruI4H9BG+x+Wxz6oeZ1cJ8P6G/PZY0IKk4k/63TDsQf2kQq3+qoJeLm2kIBUNlZe3zgb4Zg==
  dependencies:
    nanoid "^3.3.4"
    picocolors "^1.0.0"
    source-map-js "^1.0.2"

punycode@1.3.2:
  version "1.3.2"
  resolved "https://registry.yarnpkg.com/punycode/-/punycode-1.3.2.tgz#9653a036fb7c1ee42342f2325cceefea3926c48d"
  integrity sha512-RofWgt/7fL5wP1Y7fxE7/EmTLzQVnB0ycyibJ0OOHIlJqTNzglYFxVwETOcIoJqJmpDXJ9xImDv+Fq34F/d4Dw==

querystring@0.2.0:
  version "0.2.0"
  resolved "https://registry.yarnpkg.com/querystring/-/querystring-0.2.0.tgz#b209849203bb25df820da756e747005878521620"
  integrity sha512-X/xY82scca2tau62i9mDyU9K+I+djTMUsvwf7xnUX5GLvVzgJybOJf4Y6o9Zx3oJK/LSXg5tTZBjwzqVPaPO2g==

resolve@^1.22.1:
  version "1.22.1"
  resolved "https://registry.yarnpkg.com/resolve/-/resolve-1.22.1.tgz#27cb2ebb53f91abb49470a928bba7558066ac177"
  integrity sha512-nBpuuYuY5jFsli/JIs1oldw6fOQCBioohqWZg/2hiaOybXOft4lonv85uDOKXdf8rhyK159cxU5cDcK/NKk8zw==
  dependencies:
    is-core-module "^2.9.0"
    path-parse "^1.0.7"
    supports-preserve-symlinks-flag "^1.0.0"

rollup@^3.18.0:
  version "3.20.0"
  resolved "https://registry.yarnpkg.com/rollup/-/rollup-3.20.0.tgz#ce7bd88449a776b9f75bf4e35959e25fbd3f51b1"
  integrity sha512-YsIfrk80NqUDrxrjWPXUa7PWvAfegZEXHuPsEZg58fGCdjL1I9C1i/NaG+L+27kxxwkrG/QEDEQc8s/ynXWWGQ==
  optionalDependencies:
    fsevents "~2.3.2"

source-map-js@^1.0.2:
  version "1.0.2"
  resolved "https://registry.yarnpkg.com/source-map-js/-/source-map-js-1.0.2.tgz#adbc361d9c62df380125e7f161f71c826f1e490c"
  integrity sha512-R0XvVJ9WusLiqTCEiGCmICCMplcCkIwwR11mOSD9CR5u+IXYdiseeEuXCVAjS54zqwkLcPNnmU4OeJ6tUrWhDw==

supports-preserve-symlinks-flag@^1.0.0:
  version "1.0.0"
  resolved "https://registry.yarnpkg.com/supports-preserve-symlinks-flag/-/supports-preserve-symlinks-flag-1.0.0.tgz#6eda4bd344a3c94aea376d4cc31bc77311039e09"
  integrity sha512-ot0WnXS9fgdkgIcePe6RHNk1WA8+muPa6cSjeR3V8K27q9BB1rTE3R1p7Hv0z1ZyAc8s6Vvv8DIyWf681MAt0w==

url@^0.11.0:
  version "0.11.0"
  resolved "https://registry.yarnpkg.com/url/-/url-0.11.0.tgz#3838e97cfc60521eb73c525a8e55bfdd9e2e28f1"
  integrity sha512-kbailJa29QrtXnxgq+DdCEGlbTeYM2eJUxsz6vjZavrCYPMIFHMKQmSKYAIuUK2i7hgPm28a8piX5NTUtM/LKQ==
  dependencies:
    punycode "1.3.2"
    querystring "0.2.0"

vite@^4.2.0:
  version "4.2.1"
  resolved "https://registry.yarnpkg.com/vite/-/vite-4.2.1.tgz#6c2eb337b0dfd80a9ded5922163b94949d7fc254"
  integrity sha512-7MKhqdy0ISo4wnvwtqZkjke6XN4taqQ2TBaTccLIpOKv7Vp2h4Y+NpmWCnGDeSvvn45KxvWgGyb0MkHvY1vgbg==
  dependencies:
    esbuild "^0.17.5"
    postcss "^8.4.21"
    resolve "^1.22.1"
    rollup "^3.18.0"
  optionalDependencies:
    fsevents "~2.3.2"
